
Microsoft Visual Studio Solution File, Format Version 12.00
# Visual Studio Version 16
VisualStudioVersion = 16.0.31702.278
MinimumVisualStudioVersion = 10.0.40219.1
Project("{FAE04EC0-301F-11D3-BF4B-00C04F79EFBC}") = "ShiSida Engineering", "ShiSida Engineering.csproj", "{64DA6846-1126-4701-9CA7-9560DD53CE21}"
EndProject
Global
	GlobalSection(SolutionConfigurationPlatforms) = preSolution
		Debug|Any CPU = Debug|Any CPU
		Release|Any CPU = Release|Any CPU
	EndGlobalSection
	GlobalSection(ProjectConfigurationPlatforms) = postSolution
		{64DA6846-1126-4701-9CA7-9560DD53CE21}.Debug|Any CPU.ActiveCfg = Debug|Any CPU
		{64DA6846-1126-4701-9CA7-9560DD53CE21}.Debug|Any CPU.Build.0 = Debug|Any CPU
		{64DA6846-1126-4701-9CA7-9560DD53CE21}.Release|Any CPU.ActiveCfg = Release|Any CPU
		{64DA6846-1126-4701-9CA7-9560DD53CE21}.Release|Any CPU.Build.0 = Release|Any CPU
	EndGlobalSection
	GlobalSection(SolutionProperties) = preSolution
		HideSolutionNode = FALSE
	EndGlobalSection
	GlobalSection(ExtensibilityGlobals) = postSolution
		SolutionGuid = {0EB4F7D1-57F7-4433-AB5A-9A8BD99F06E4}
	EndGlobalSection
EndGlobal
